// !$*UTF8*$!
{
	archiveVersion = 1;
	classes = {
	};
	objectVersion = 50;
	objects = {

/* Begin PBXBuildFile section */
		87C33E8F253C1298008B4A61 /* AppDelegate.swift in Sources */ = {isa = PBXBuildFile; fileRef = 87C33E8E253C1298008B4A61 /* AppDelegate.swift */; };
		87C33E99253C1298008B4A61 /* CoreDataDemo.xcdatamodeld in Sources */ = {isa = PBXBuildFile; fileRef = 87C33E97253C1298008B4A61 /* CoreDataDemo.xcdatamodeld */; };
		87C33E9B253C129A008B4A61 /* Assets.xcassets in Resources */ = {isa = PBXBuildFile; fileRef = 87C33E9A253C129A008B4A61 /* Assets.xcassets */; };
		87C33E9E253C129A008B4A61 /* LaunchScreen.storyboard in Resources */ = {isa = PBXBuildFile; fileRef = 87C33E9C253C129A008B4A61 /* LaunchScreen.storyboard */; };
		87C33EA8253C12EC008B4A61 /* Student+CoreDataClass.swift in Sources */ = {isa = PBXBuildFile; fileRef = 87C33EA6253C12EC008B4A61 /* Student+CoreDataClass.swift */; };
		87C33EA9253C12EC008B4A61 /* Student+CoreDataProperties.swift in Sources */ = {isa = PBXBuildFile; fileRef = 87C33EA7253C12EC008B4A61 /* Student+CoreDataProperties.swift */; };
		87C33EB4253C1465008B4A61 /* DemoViewController.swift in Sources */ = {isa = PBXBuildFile; fileRef = 87C33EB2253C1465008B4A61 /* DemoViewController.swift */; };
		87C33EB5253C1465008B4A61 /* DemoViewController.xib in Resources */ = {isa = PBXBuildFile; fileRef = 87C33EB3253C1465008B4A61 /* DemoViewController.xib */; };
		87C33EB9253C15CB008B4A61 /* CoreDataHelper.swift in Sources */ = {isa = PBXBuildFile; fileRef = 87C33EB8253C15CB008B4A61 /* CoreDataHelper.swift */; };
		87C33EBF253C2408008B4A61 /* CoreData.framework in Frameworks */ = {isa = PBXBuildFile; fileRef = 87C33EBE253C2408008B4A61 /* CoreData.framework */; };
/* End PBXBuildFile section */

/* Begin PBXFileReference section */
		87C33E8B253C1298008B4A61 /* CoreDataDemo.app */ = {isa = PBXFileReference; explicitFileType = wrapper.application; includeInIndex = 0; path = CoreDataDemo.app; sourceTree = BUILT_PRODUCTS_DIR; };
		87C33E8E253C1298008B4A61 /* AppDelegate.swift */ = {isa = PBXFileReference; lastKnownFileType = sourcecode.swift; path = AppDelegate.swift; sourceTree = "<group>"; };
		87C33E98253C1298008B4A61 /* CoreDataDemo.xcdatamodel */ = {isa = PBXFileReference; lastKnownFileType = wrapper.xcdatamodel; path = CoreDataDemo.xcdatamodel; sourceTree = "<group>"; };
		87C33E9A253C129A008B4A61 /* Assets.xcassets */ = {isa = PBXFileReference; lastKnownFileType = folder.assetcatalog; path = Assets.xcassets; sourceTree = "<group>"; };
		87C33E9D253C129A008B4A61 /* Base */ = {isa = PBXFileReference; lastKnownFileType = file.storyboard; name = Base; path = Base.lproj/LaunchScreen.storyboard; sourceTree = "<group>"; };
		87C33E9F253C129A008B4A61 /* Info.plist */ = {isa = PBXFileReference; lastKnownFileType = text.plist.xml; path = Info.plist; sourceTree = "<group>"; };
		87C33EA6253C12EC008B4A61 /* Student+CoreDataClass.swift */ = {isa = PBXFileReference; lastKnownFileType = sourcecode.swift; path = "Student+CoreDataClass.swift"; sourceTree = "<group>"; };
		87C33EA7253C12EC008B4A61 /* Student+CoreDataProperties.swift */ = {isa = PBXFileReference; lastKnownFileType = sourcecode.swift; path = "Student+CoreDataProperties.swift"; sourceTree = "<group>"; };
		87C33EB2253C1465008B4A61 /* DemoViewController.swift */ = {isa = PBXFileReference; lastKnownFileType = sourcecode.swift; path = DemoViewController.swift; sourceTree = "<group>"; };
		87C33EB3253C1465008B4A61 /* DemoViewController.xib */ = {isa = PBXFileReference; lastKnownFileType = file.xib; path = DemoViewController.xib; sourceTree = "<group>"; };
		87C33EB8253C15CB008B4A61 /* CoreDataHelper.swift */ = {isa = PBXFileReference; lastKnownFileType = sourcecode.swift; path = CoreDataHelper.swift; sourceTree = "<group>"; };
		87C33EBE253C2408008B4A61 /* CoreData.framework */ = {isa = PBXFileReference; lastKnownFileType = wrapper.framework; name = CoreData.framework; path = System/Library/Frameworks/CoreData.framework; sourceTree = SDKROOT; };
/* End PBXFileReference section */

/* Begin PBXFrameworksBuildPhase section */
		87C33E88253C1298008B4A61 /* Frameworks */ = {
			isa = PBXFrameworksBuildPhase;
			buildActionMask = 2147483647;
			files = (
				87C33EBF253C2408008B4A61 /* CoreData.framework in Frameworks */,
			);
			runOnlyForDeploymentPostprocessing = 0;
		};
/* End PBXFrameworksBuildPhase section */

/* Begin PBXGroup section */
		87C33E82253C1298008B4A61 = {
			isa = PBXGroup;
			children = (
				87C33EAF253C1351008B4A61 /* App */,
				87C33EAD253C1320008B4A61 /* CoreDataFile */,
				87C33EB1253C1434008B4A61 /* Controller */,
				87C33E8D253C1298008B4A61 /* CoreDataDemo */,
				87C33EAE253C132F008B4A61 /* Resource */,
				87C33E8C253C1298008B4A61 /* Products */,
				87C33EBD253C2408008B4A61 /* Frameworks */,
			);
			sourceTree = "<group>";
		};
		87C33E8C253C1298008B4A61 /* Products */ = {
			isa = PBXGroup;
			children = (
				87C33E8B253C1298008B4A61 /* CoreDataDemo.app */,
			);
			name = Products;
			sourceTree = "<group>";
		};
		87C33E8D253C1298008B4A61 /* CoreDataDemo */ = {
			isa = PBXGroup;
			children = (
				87C33E9F253C129A008B4A61 /* Info.plist */,
				87C33E97253C1298008B4A61 /* CoreDataDemo.xcdatamodeld */,
			);
			path = CoreDataDemo;
			sourceTree = "<group>";
		};
		87C33EAD253C1320008B4A61 /* CoreDataFile */ = {
			isa = PBXGroup;
			children = (
				87C33EA7253C12EC008B4A61 /* Student+CoreDataProperties.swift */,
				87C33EA6253C12EC008B4A61 /* Student+CoreDataClass.swift */,
			);
			path = CoreDataFile;
			sourceTree = "<group>";
		};
		87C33EAE253C132F008B4A61 /* Resource */ = {
			isa = PBXGroup;
			children = (
				87C33E9A253C129A008B4A61 /* Assets.xcassets */,
				87C33E9C253C129A008B4A61 /* LaunchScreen.storyboard */,
			);
			path = Resource;
			sourceTree = "<group>";
		};
		87C33EAF253C1351008B4A61 /* App */ = {
			isa = PBXGroup;
			children = (
				87C33E8E253C1298008B4A61 /* AppDelegate.swift */,
			);
			path = App;
			sourceTree = "<group>";
		};
		87C33EB1253C1434008B4A61 /* Controller */ = {
			isa = PBXGroup;
			children = (
				87C33EB8253C15CB008B4A61 /* CoreDataHelper.swift */,
				87C33EB2253C1465008B4A61 /* DemoViewController.swift */,
				87C33EB3253C1465008B4A61 /* DemoViewController.xib */,
			);
			path = Controller;
			sourceTree = "<group>";
		};
		87C33EBD253C2408008B4A61 /* Frameworks */ = {
			isa = PBXGroup;
			children = (
				87C33EBE253C2408008B4A61 /* CoreData.framework */,
			);
			name = Frameworks;
			sourceTree = "<group>";
		};
/* End PBXGroup section */

/* Begin PBXNativeTarget section */
		87C33E8A253C1298008B4A61 /* CoreDataDemo */ = {
			isa = PBXNativeTarget;
			buildConfigurationList = 87C33EA2253C129A008B4A61 /* Build configuration list for PBXNativeTarget "CoreDataDemo" */;
			buildPhases = (
				87C33E87253C1298008B4A61 /* Sources */,
				87C33E88253C1298008B4A61 /* Frameworks */,
				87C33E89253C1298008B4A61 /* Resources */,
			);
			buildRules = (
			);
			dependencies = (
			);
			name = CoreDataDemo;
			productName = CoreDataDemo;
			productReference = 87C33E8B253C1298008B4A61 /* CoreDataDemo.app */;
			productType = "com.apple.product-type.application";
		};
/* End PBXNativeTarget section */

/* Begin PBXProject section */
		87C33E83253C1298008B4A61 /* Project object */ = {
			isa = PBXProject;
			attributes = {
				LastSwiftUpdateCheck = 1200;
				LastUpgradeCheck = 1200;
				TargetAttributes = {
					87C33E8A253C1298008B4A61 = {
						CreatedOnToolsVersion = 12.0;
					};
				};
			};
			buildConfigurationList = 87C33E86253C1298008B4A61 /* Build configuration list for PBXProject "CoreDataDemo" */;
			compatibilityVersion = "Xcode 9.3";
			developmentRegion = en;
			hasScannedForEncodings = 0;
			knownRegions = (
				en,
				Base,
			);
			mainGroup = 87C33E82253C1298008B4A61;
			productRefGroup = 87C33E8C253C1298008B4A61 /* Products */;
			projectDirPath = "";
			projectRoot = "";
			targets = (
				87C33E8A253C1298008B4A61 /* CoreDataDemo */,
			);
		};
/* End PBXProject section */

/* Begin PBXResourcesBuildPhase section */
		87C33E89253C1298008B4A61 /* Resources */ = {
			isa = PBXResourcesBuildPhase;
			buildActionMask = 2147483647;
			files = (
				87C33E9E253C129A008B4A61 /* LaunchScreen.storyboard in Resources */,
				87C33EB5253C1465008B4A61 /* DemoViewController.xib in Resources */,
				87C33E9B253C129A008B4A61 /* Assets.xcassets in Resources */,
			);
			runOnlyForDeploymentPostprocessing = 0;
		};
/* End PBXResourcesBuildPhase section */

/* Begin PBXSourcesBuildPhase section */
		87C33E87253C1298008B4A61 /* Sources */ = {
			isa = PBXSourcesBuildPhase;
			buildActionMask = 2147483647;
			files = (
				87C33EB9253C15CB008B4A61 /* CoreDataHelper.swift in Sources */,
				87C33EA9253C12EC008B4A61 /* Student+CoreDataProperties.swift in Sources */,
				87C33E99253C1298008B4A61 /* CoreDataDemo.xcdatamodeld in Sources */,
				87C33E8F253C1298008B4A61 /* AppDelegate.swift in Sources */,
				87C33EA8253C12EC008B4A61 /* Student+CoreDataClass.swift in Sources */,
				87C33EB4253C1465008B4A61 /* DemoViewController.swift in Sources */,
			);
			runOnlyForDeploymentPostprocessing = 0;
		};
/* End PBXSourcesBuildPhase section */

/* Begin PBXVariantGroup section */
		87C33E9C253C129A008B4A61 /* LaunchScreen.storyboard */ = {
			isa = PBXVariantGroup;
			children = (
				87C33E9D253C129A008B4A61 /* Base */,
			);
			name = LaunchScreen.storyboard;
			sourceTree = "<group>";
		};
/* End PBXVariantGroup section */

/* Begin XCBuildConfiguration section */
		87C33EA0253C129A008B4A61 /* Debug */ = {
			isa = XCBuildConfiguration;
			buildSettings = {
				ALWAYS_SEARCH_USER_PATHS = NO;
				CLANG_ANALYZER_NONNULL = YES;
				CLANG_ANALYZER_NUMBER_OBJECT_CONVERSION = YES_AGGRESSIVE;
				CLANG_CXX_LANGUAGE_STANDARD = "gnu++14";
				CLANG_CXX_LIBRARY = "libc++";
				CLANG_ENABLE_MODULES = YES;
				CLANG_ENABLE_OBJC_ARC = YES;
				CLANG_ENABLE_OBJC_WEAK = YES;
				CLANG_WARN_BLOCK_CAPTURE_AUTORELEASING = YES;
				CLANG_WARN_BOOL_CONVERSION = YES;
				CLANG_WARN_COMMA = YES;
				CLANG_WARN_CONSTANT_CONVERSION = YES;
				CLANG_WARN_DEPRECATED_OBJC_IMPLEMENTATIONS = YES;
				CLANG_WARN_DIRECT_OBJC_ISA_USAGE = YES_ERROR;
				CLANG_WARN_DOCUMENTATION_COMMENTS = YES;
				CLANG_WARN_EMPTY_BODY = YES;
				CLANG_WARN_ENUM_CONVERSION = YES;
				CLANG_WARN_INFINITE_RECURSION = YES;
				CLANG_WARN_INT_CONVERSION = YES;
				CLANG_WARN_NON_LITERAL_NULL_CONVERSION = YES;
				CLANG_WARN_OBJC_IMPLICIT_RETAIN_SELF = YES;
				CLANG_WARN_OBJC_LITERAL_CONVERSION = YES;
				CLANG_WARN_OBJC_ROOT_CLASS = YES_ERROR;
				CLANG_WARN_QUOTED_INCLUDE_IN_FRAMEWORK_HEADER = YES;
				CLANG_WARN_RANGE_LOOP_ANALYSIS = YES;
				CLANG_WARN_STRICT_PROTOTYPES = YES;
				CLANG_WARN_SUSPICIOUS_MOVE = YES;
				CLANG_WARN_UNGUARDED_AVAILABILITY = YES_AGGRESSIVE;
				CLANG_WARN_UNREACHABLE_CODE = YES;
				CLANG_WARN__DUPLICATE_METHOD_MATCH = YES;
				COPY_PHASE_STRIP = NO;
				DEBUG_INFORMATION_FORMAT = dwarf;
				ENABLE_STRICT_OBJC_MSGSEND = YES;
				ENABLE_TESTABILITY = YES;
				GCC_C_LANGUAGE_STANDARD = gnu11;
				GCC_DYNAMIC_NO_PIC = NO;
				GCC_NO_COMMON_BLOCKS = YES;
				GCC_OPTIMIZATION_LEVEL = 0;
				GCC_PREPROCESSOR_DEFINITIONS = (
					"DEBUG=1",
					"$(inherited)",
				);
				GCC_WARN_64_TO_32_BIT_CONVERSION = YES;
				GCC_WARN_ABOUT_RETURN_TYPE = YES_ERROR;
				GCC_WARN_UNDECLARED_SELECTOR = YES;
				GCC_WARN_UNINITIALIZED_AUTOS = YES_AGGRESSIVE;
				GCC_WARN_UNUSED_FUNCTION = YES;
				GCC_WARN_UNUSED_VARIABLE = YES;
				IPHONEOS_DEPLOYMENT_TARGET = 14.0;
				MTL_ENABLE_DEBUG_INFO = INCLUDE_SOURCE;
				MTL_FAST_MATH = YES;
				ONLY_ACTIVE_ARCH = YES;
				SDKROOT = iphoneos;
				SWIFT_ACTIVE_COMPILATION_CONDITIONS = DEBUG;
				SWIFT_OPTIMIZATION_LEVEL = "-Onone";
			};
			name = Debug;
		};
		87C33EA1253C129A008B4A61 /* Release */ = {
			isa = XCBuildConfiguration;
			buildSettings = {
				ALWAYS_SEARCH_USER_PATHS = NO;
				CLANG_ANALYZER_NONNULL = YES;
				CLANG_ANALYZER_NUMBER_OBJECT_CONVERSION = YES_AGGRESSIVE;
				CLANG_CXX_LANGUAGE_STANDARD = "gnu++14";
				CLANG_CXX_LIBRARY = "libc++";
				CLANG_ENABLE_MODULES = YES;
				CLANG_ENABLE_OBJC_ARC = YES;
				CLANG_ENABLE_OBJC_WEAK = YES;
				CLANG_WARN_BLOCK_CAPTURE_AUTORELEASING = YES;
				CLANG_WARN_BOOL_CONVERSION = YES;
				CLANG_WARN_COMMA = YES;
				CLANG_WARN_CONSTANT_CONVERSION = YES;
				CLANG_WARN_DEPRECATED_OBJC_IMPLEMENTATIONS = YES;
				CLANG_WARN_DIRECT_OBJC_ISA_USAGE = YES_ERROR;
				CLANG_WARN_DOCUMENTATION_COMMENTS = YES;
				CLANG_WARN_EMPTY_BODY = YES;
				CLANG_WARN_ENUM_CONVERSION = YES;
				CLANG_WARN_INFINITE_RECURSION = YES;
				CLANG_WARN_INT_CONVERSION = YES;
				CLANG_WARN_NON_LITERAL_NULL_CONVERSION = YES;
				CLANG_WARN_OBJC_IMPLICIT_RETAIN_SELF = YES;
				CLANG_WARN_OBJC_LITERAL_CONVERSION = YES;
				CLANG_WARN_OBJC_ROOT_CLASS = YES_ERROR;
				CLANG_WARN_QUOTED_INCLUDE_IN_FRAMEWORK_HEADER = YES;
				CLANG_WARN_RANGE_LOOP_ANALYSIS = YES;
				CLANG_WARN_STRICT_PROTOTYPES = YES;
				CLANG_WARN_SUSPICIOUS_MOVE = YES;
				CLANG_WARN_UNGUARDED_AVAILABILITY = YES_AGGRESSIVE;
				CLANG_WARN_UNREACHABLE_CODE = YES;
				CLANG_WARN__DUPLICATE_METHOD_MATCH = YES;
				COPY_PHASE_STRIP = NO;
				DEBUG_INFORMATION_FORMAT = "dwarf-with-dsym";
				ENABLE_NS_ASSERTIONS = NO;
				ENABLE_STRICT_OBJC_MSGSEND = YES;
				GCC_C_LANGUAGE_STANDARD = gnu11;
				GCC_NO_COMMON_BLOCKS = YES;
				GCC_WARN_64_TO_32_BIT_CONVERSION = YES;
				GCC_WARN_ABOUT_RETURN_TYPE = YES_ERROR;
				GCC_WARN_UNDECLARED_SELECTOR = YES;
				GCC_WARN_UNINITIALIZED_AUTOS = YES_AGGRESSIVE;
				GCC_WARN_UNUSED_FUNCTION = YES;
				GCC_WARN_UNUSED_VARIABLE = YES;
				IPHONEOS_DEPLOYMENT_TARGET = 14.0;
				MTL_ENABLE_DEBUG_INFO = NO;
				MTL_FAST_MATH = YES;
				SDKROOT = iphoneos;
				SWIFT_COMPILATION_MODE = wholemodule;
				SWIFT_OPTIMIZATION_LEVEL = "-O";
				VALIDATE_PRODUCT = YES;
			};
			name = Release;
		};
		87C33EA3253C129A008B4A61 /* Debug */ = {
			isa = XCBuildConfiguration;
			buildSettings = {
				ASSETCATALOG_COMPILER_APPICON_NAME = AppIcon;
				ASSETCATALOG_COMPILER_GLOBAL_ACCENT_COLOR_NAME = AccentColor;
				CODE_SIGN_STYLE = Automatic;
				INFOPLIST_FILE = CoreDataDemo/Info.plist;
				LD_RUNPATH_SEARCH_PATHS = (
					"$(inherited)",
					"@executable_path/Frameworks",
				);
				PRODUCT_BUNDLE_IDENTIFIER = com.codesorbit.CoreDataDemo;
				PRODUCT_NAME = "$(TARGET_NAME)";
				SWIFT_VERSION = 5.0;
				TARGETED_DEVICE_FAMILY = "1,2";
			};
			name = Debug;
		};
		87C33EA4253C129A008B4A61 /* Release */ = {
			isa = XCBuildConfiguration;
			buildSettings = {
				ASSETCATALOG_COMPILER_APPICON_NAME = AppIcon;
				ASSETCATALOG_COMPILER_GLOBAL_ACCENT_COLOR_NAME = AccentColor;
				CODE_SIGN_STYLE = Automatic;
				INFOPLIST_FILE = CoreDataDemo/Info.plist;
				LD_RUNPATH_SEARCH_PATHS = (
					"$(inherited)",
					"@executable_path/Frameworks",
				);
				PRODUCT_BUNDLE_IDENTIFIER = com.codesorbit.CoreDataDemo;
				PRODUCT_NAME = "$(TARGET_NAME)";
				SWIFT_VERSION = 5.0;
				TARGETED_DEVICE_FAMILY = "1,2";
			};
			name = Release;
		};
/* End XCBuildConfiguration section */

/* Begin XCConfigurationList section */
		87C33E86253C1298008B4A61 /* Build configuration list for PBXProject "CoreDataDemo" */ = {
			isa = XCConfigurationList;
			buildConfigurations = (
				87C33EA0253C129A008B4A61 /* Debug */,
				87C33EA1253C129A008B4A61 /* Release */,
			);
			defaultConfigurationIsVisible = 0;
			defaultConfigurationName = Release;
		};
		87C33EA2253C129A008B4A61 /* Build configuration list for PBXNativeTarget "CoreDataDemo" */ = {
			isa = XCConfigurationList;
			buildConfigurations = (
				87C33EA3253C129A008B4A61 /* Debug */,
				87C33EA4253C129A008B4A61 /* Release */,
			);
			defaultConfigurationIsVisible = 0;
			defaultConfigurationName = Release;
		};
/* End XCConfigurationList section */

/* Begin XCVersionGroup section */
		87C33E97253C1298008B4A61 /* CoreDataDemo.xcdatamodeld */ = {
			isa = XCVersionGroup;
			children = (
				87C33E98253C1298008B4A61 /* CoreDataDemo.xcdatamodel */,
			);
			currentVersion = 87C33E98253C1298008B4A61 /* CoreDataDemo.xcdatamodel */;
			path = CoreDataDemo.xcdatamodeld;
			sourceTree = "<group>";
			versionGroupType = wrapper.xcdatamodel;
		};
/* End XCVersionGroup section */
	};
	rootObject = 87C33E83253C1298008B4A61 /* Project object */;
}
